
Microsoft Visual Studio Solution File, Format Version 12.00
# Visual Studio Version 17
VisualStudioVersion = 17.11.35327.3
MinimumVisualStudioVersion = 10.0.40219.1
Project("{9A19103F-16F7-4668-BE54-9A1E7A4F7556}") = "Agenix.Core", "Agenix.Core\Agenix.Core.csproj", "{BC320C83-93AE-4BC6-BF8E-FFA52CAEF780}"
EndProject
Project("{9A19103F-16F7-4668-BE54-9A1E7A4F7556}") = "Agenix.Core.Tests", "Agenix.Core.Tests\Agenix.Core.Tests.csproj", "{4E347B48-1379-4A9F-8BC6-7844FF72ED9B}"
EndProject
Project("{FAE04EC0-301F-11D3-BF4B-00C04F79EFBC}") = "Agenix.NUnit.Runtime", "Agenix.NUnit.Runtime\Agenix.NUnit.Runtime.csproj", "{CA7C0603-EA56-45A0-A37E-52DE4758C966}"
EndProject
Project("{FAE04EC0-301F-11D3-BF4B-00C04F79EFBC}") = "Agenix.Sql", "Agenix.Sql\Agenix.Sql.csproj", "{6948A112-6EF7-49C7-AA89-9E2362C5185A}"
EndProject
Project("{FAE04EC0-301F-11D3-BF4B-00C04F79EFBC}") = "Agenix.Http", "Agenix.Http\Agenix.Http.csproj", "{EFE2B98B-EA22-44FE-9A31-AAB0886D141E}"
EndProject
Project("{FAE04EC0-301F-11D3-BF4B-00C04F79EFBC}") = "Agenix.Validation.NHamcrest", "Agenix.Validation.NHamcrest\Agenix.Validation.NHamcrest.csproj", "{A012F353-8887-4640-8B25-782BE90BF829}"
EndProject
Project("{FAE04EC0-301F-11D3-BF4B-00C04F79EFBC}") = "Agenix.Validation.NHamcrest.Tests", "Agenix.Validation.NHamcrest.Tests\Agenix.Validation.NHamcrest.Tests.csproj", "{E3702833-2A87-4CEF-A479-BE67B7C7D417}"
EndProject
Project("{FAE04EC0-301F-11D3-BF4B-00C04F79EFBC}") = "Agenix.Api", "Agenix.Api\Agenix.Api.csproj", "{0E81FFA4-87A7-4569-A923-C6A3409CDF6E}"
EndProject
Project("{FAE04EC0-301F-11D3-BF4B-00C04F79EFBC}") = "Agenix.Validation.Json", "Agenix.Validation.Json\Agenix.Validation.Json.csproj", "{0D0559BC-FF4E-48A2-B109-940AC0BE1B2C}"
EndProject
Project("{FAE04EC0-301F-11D3-BF4B-00C04F79EFBC}") = "Agenix.Validation.Json.Tests", "Agenix.Validation.Json.Tests\Agenix.Validation.Json.Tests.csproj", "{A3D14CE9-52E4-4CCE-ADAA-9E24E0D40C43}"
EndProject
Project("{FAE04EC0-301F-11D3-BF4B-00C04F79EFBC}") = "Agenix.Validation.Binary", "Agenix.Validation.Binary\Agenix.Validation.Binary.csproj", "{A1B2AAAF-D3B1-4E51-92B4-46E5C04AC8FC}"
EndProject
Project("{FAE04EC0-301F-11D3-BF4B-00C04F79EFBC}") = "Agenix.Validation.Binary.Tests", "Agenix.Validation.Binary.Tests\Agenix.Validation.Binary.Tests.csproj", "{508153FE-E328-4F35-9E2D-C0520AB12FE0}"
EndProject
Project("{FAE04EC0-301F-11D3-BF4B-00C04F79EFBC}") = "Agenix.Validation.Text", "Agenix.Validation.Text\Agenix.Validation.Text.csproj", "{B5A9AE0E-BC2E-4B7E-A358-E85402013471}"
EndProject
Project("{FAE04EC0-301F-11D3-BF4B-00C04F79EFBC}") = "Agenix.Validation.Text.Tests", "Agenix.Validation.Text.Tests\Agenix.Validation.Text.Tests.csproj", "{2D24135A-D692-46DA-A2D4-9CC0EE850A92}"
EndProject
Project("{FAE04EC0-301F-11D3-BF4B-00C04F79EFBC}") = "Agenix.ReqnrollPlugin", "Agenix.ReqnrollPlugin\Agenix.ReqnrollPlugin.csproj", "{D0EF841D-9846-4C0E-A8EC-4F754857ABA6}"
EndProject
Project("{FAE04EC0-301F-11D3-BF4B-00C04F79EFBC}") = "Agenix.Screenplay", "Agenix.Screenplay\Agenix.Screenplay.csproj", "{C7E4DAF2-E1FD-4B32-BB1A-B714582F93D2}"
EndProject
Project("{FAE04EC0-301F-11D3-BF4B-00C04F79EFBC}") = "Agenix.ReqrollPlugin.Tests", "Agenix.ReqrollPlugin.Tests\Agenix.ReqrollPlugin.Tests.csproj", "{5B58A4D1-9AE6-4B31-9513-6A5D3D3AA72B}"
EndProject
Project("{FAE04EC0-301F-11D3-BF4B-00C04F79EFBC}") = "Agenix.Screenplay.Tests", "Agenix.Screenplay.Tests\Agenix.Screenplay.Tests.csproj", "{CBDA4A24-A853-44F0-82F3-36D16A19EBA6}"
EndProject
Project("{2150E333-8FDC-42A3-9474-1A3956D46DE8}") = "src", "src", "{0E29A730-DE81-47F1-A734-CA7FC815E343}"
EndProject
Project("{2150E333-8FDC-42A3-9474-1A3956D46DE8}") = "test", "test", "{DE327CB4-D2EF-4983-8F05-77883FCAF1B0}"
EndProject
Project("{2150E333-8FDC-42A3-9474-1A3956D46DE8}") = "core", "core", "{1427A750-98D5-4BD4-B593-754B431D6F81}"
EndProject
Project("{2150E333-8FDC-42A3-9474-1A3956D46DE8}") = "runtime", "runtime", "{65578E2E-5BF4-4CDF-9768-19971B3FEF76}"
EndProject
Project("{2150E333-8FDC-42A3-9474-1A3956D46DE8}") = "endpoints", "endpoints", "{948DB1BA-2DDB-465E-885C-90E8572DCF1E}"
EndProject
Project("{2150E333-8FDC-42A3-9474-1A3956D46DE8}") = "connectors", "connectors", "{A5BEDDC2-4665-4B8B-A657-589FAD674DE5}"
EndProject
Project("{2150E333-8FDC-42A3-9474-1A3956D46DE8}") = "validation", "validation", "{BB317964-CD5F-4E2B-982B-D9DD1FC7DC2B}"
EndProject
Project("{FAE04EC0-301F-11D3-BF4B-00C04F79EFBC}") = "Agenix.Validation.Xml", "Agenix.Validation.Xml\Agenix.Validation.Xml.csproj", "{537C7AA2-5AD4-4CA2-8BCF-681F927AEA10}"
EndProject
Project("{FAE04EC0-301F-11D3-BF4B-00C04F79EFBC}") = "Agenix.Validation.Xml.Tests", "Agenix.Validation.Xml.Tests\Agenix.Validation.Xml.Tests.csproj", "{A417E329-B8AA-4F86-A5E5-D0402AFB6D19}"
EndProject
Project("{FAE04EC0-301F-11D3-BF4B-00C04F79EFBC}") = "Agenix.GraphQL", "Agenix.GraphQL\Agenix.GraphQL.csproj", "{B06C1F72-5BD9-4F85-805C-8BD25980DAC4}"
EndProject
Project("{FAE04EC0-301F-11D3-BF4B-00C04F79EFBC}") = "Agenix.GraphQL.Tests", "Agenix.GraphQL.Tests\Agenix.GraphQL.Tests.csproj", "{9720B464-BA17-49E8-8021-C4FAB3994E7B}"
EndProject
Project("{FAE04EC0-301F-11D3-BF4B-00C04F79EFBC}") = "Agenix.Http.Tests", "Agenix.Http.Tests\Agenix.Http.Tests.csproj", "{7D74FF4E-F668-4DA1-9388-AFDB42F0304B}"
EndProject
Project("{FAE04EC0-301F-11D3-BF4B-00C04F79EFBC}") = "Agenix.Sql.Tests", "Agenix.Sql.Tests\Agenix.Sql.Tests.csproj", "{CFE512EB-3E56-400C-A3A2-4354F746A8B9}"
EndProject
Global
	GlobalSection(SolutionConfigurationPlatforms) = preSolution
		Debug|Any CPU = Debug|Any CPU
		Release|Any CPU = Release|Any CPU
	EndGlobalSection
	GlobalSection(ProjectConfigurationPlatforms) = postSolution
		{BC320C83-93AE-4BC6-BF8E-FFA52CAEF780}.Debug|Any CPU.ActiveCfg = Debug|Any CPU
		{BC320C83-93AE-4BC6-BF8E-FFA52CAEF780}.Debug|Any CPU.Build.0 = Debug|Any CPU
		{BC320C83-93AE-4BC6-BF8E-FFA52CAEF780}.Release|Any CPU.ActiveCfg = Release|Any CPU
		{BC320C83-93AE-4BC6-BF8E-FFA52CAEF780}.Release|Any CPU.Build.0 = Release|Any CPU
		{4E347B48-1379-4A9F-8BC6-7844FF72ED9B}.Debug|Any CPU.ActiveCfg = Debug|Any CPU
		{4E347B48-1379-4A9F-8BC6-7844FF72ED9B}.Debug|Any CPU.Build.0 = Debug|Any CPU
		{4E347B48-1379-4A9F-8BC6-7844FF72ED9B}.Release|Any CPU.ActiveCfg = Release|Any CPU
		{4E347B48-1379-4A9F-8BC6-7844FF72ED9B}.Release|Any CPU.Build.0 = Release|Any CPU
		{CA7C0603-EA56-45A0-A37E-52DE4758C966}.Debug|Any CPU.ActiveCfg = Debug|Any CPU
		{CA7C0603-EA56-45A0-A37E-52DE4758C966}.Debug|Any CPU.Build.0 = Debug|Any CPU
		{CA7C0603-EA56-45A0-A37E-52DE4758C966}.Release|Any CPU.ActiveCfg = Release|Any CPU
		{CA7C0603-EA56-45A0-A37E-52DE4758C966}.Release|Any CPU.Build.0 = Release|Any CPU
		{6948A112-6EF7-49C7-AA89-9E2362C5185A}.Debug|Any CPU.ActiveCfg = Debug|Any CPU
		{6948A112-6EF7-49C7-AA89-9E2362C5185A}.Debug|Any CPU.Build.0 = Debug|Any CPU
		{6948A112-6EF7-49C7-AA89-9E2362C5185A}.Release|Any CPU.ActiveCfg = Release|Any CPU
		{6948A112-6EF7-49C7-AA89-9E2362C5185A}.Release|Any CPU.Build.0 = Release|Any CPU
		{EFE2B98B-EA22-44FE-9A31-AAB0886D141E}.Debug|Any CPU.ActiveCfg = Debug|Any CPU
		{EFE2B98B-EA22-44FE-9A31-AAB0886D141E}.Debug|Any CPU.Build.0 = Debug|Any CPU
		{EFE2B98B-EA22-44FE-9A31-AAB0886D141E}.Release|Any CPU.ActiveCfg = Release|Any CPU
		{EFE2B98B-EA22-44FE-9A31-AAB0886D141E}.Release|Any CPU.Build.0 = Release|Any CPU
		{A012F353-8887-4640-8B25-782BE90BF829}.Debug|Any CPU.ActiveCfg = Debug|Any CPU
		{A012F353-8887-4640-8B25-782BE90BF829}.Debug|Any CPU.Build.0 = Debug|Any CPU
		{A012F353-8887-4640-8B25-782BE90BF829}.Release|Any CPU.ActiveCfg = Release|Any CPU
		{A012F353-8887-4640-8B25-782BE90BF829}.Release|Any CPU.Build.0 = Release|Any CPU
		{E3702833-2A87-4CEF-A479-BE67B7C7D417}.Debug|Any CPU.ActiveCfg = Debug|Any CPU
		{E3702833-2A87-4CEF-A479-BE67B7C7D417}.Debug|Any CPU.Build.0 = Debug|Any CPU
		{E3702833-2A87-4CEF-A479-BE67B7C7D417}.Release|Any CPU.ActiveCfg = Release|Any CPU
		{E3702833-2A87-4CEF-A479-BE67B7C7D417}.Release|Any CPU.Build.0 = Release|Any CPU
		{0E81FFA4-87A7-4569-A923-C6A3409CDF6E}.Debug|Any CPU.ActiveCfg = Debug|Any CPU
		{0E81FFA4-87A7-4569-A923-C6A3409CDF6E}.Debug|Any CPU.Build.0 = Debug|Any CPU
		{0E81FFA4-87A7-4569-A923-C6A3409CDF6E}.Release|Any CPU.ActiveCfg = Release|Any CPU
		{0E81FFA4-87A7-4569-A923-C6A3409CDF6E}.Release|Any CPU.Build.0 = Release|Any CPU
		{0D0559BC-FF4E-48A2-B109-940AC0BE1B2C}.Debug|Any CPU.ActiveCfg = Debug|Any CPU
		{0D0559BC-FF4E-48A2-B109-940AC0BE1B2C}.Debug|Any CPU.Build.0 = Debug|Any CPU
		{0D0559BC-FF4E-48A2-B109-940AC0BE1B2C}.Release|Any CPU.ActiveCfg = Release|Any CPU
		{0D0559BC-FF4E-48A2-B109-940AC0BE1B2C}.Release|Any CPU.Build.0 = Release|Any CPU
		{A3D14CE9-52E4-4CCE-ADAA-9E24E0D40C43}.Debug|Any CPU.ActiveCfg = Debug|Any CPU
		{A3D14CE9-52E4-4CCE-ADAA-9E24E0D40C43}.Debug|Any CPU.Build.0 = Debug|Any CPU
		{A3D14CE9-52E4-4CCE-ADAA-9E24E0D40C43}.Release|Any CPU.ActiveCfg = Release|Any CPU
		{A3D14CE9-52E4-4CCE-ADAA-9E24E0D40C43}.Release|Any CPU.Build.0 = Release|Any CPU
		{A1B2AAAF-D3B1-4E51-92B4-46E5C04AC8FC}.Debug|Any CPU.ActiveCfg = Debug|Any CPU
		{A1B2AAAF-D3B1-4E51-92B4-46E5C04AC8FC}.Debug|Any CPU.Build.0 = Debug|Any CPU
		{A1B2AAAF-D3B1-4E51-92B4-46E5C04AC8FC}.Release|Any CPU.ActiveCfg = Release|Any CPU
		{A1B2AAAF-D3B1-4E51-92B4-46E5C04AC8FC}.Release|Any CPU.Build.0 = Release|Any CPU
		{508153FE-E328-4F35-9E2D-C0520AB12FE0}.Debug|Any CPU.ActiveCfg = Debug|Any CPU
		{508153FE-E328-4F35-9E2D-C0520AB12FE0}.Debug|Any CPU.Build.0 = Debug|Any CPU
		{508153FE-E328-4F35-9E2D-C0520AB12FE0}.Release|Any CPU.ActiveCfg = Release|Any CPU
		{508153FE-E328-4F35-9E2D-C0520AB12FE0}.Release|Any CPU.Build.0 = Release|Any CPU
		{B5A9AE0E-BC2E-4B7E-A358-E85402013471}.Debug|Any CPU.ActiveCfg = Debug|Any CPU
		{B5A9AE0E-BC2E-4B7E-A358-E85402013471}.Debug|Any CPU.Build.0 = Debug|Any CPU
		{B5A9AE0E-BC2E-4B7E-A358-E85402013471}.Release|Any CPU.ActiveCfg = Release|Any CPU
		{B5A9AE0E-BC2E-4B7E-A358-E85402013471}.Release|Any CPU.Build.0 = Release|Any CPU
		{2D24135A-D692-46DA-A2D4-9CC0EE850A92}.Debug|Any CPU.ActiveCfg = Debug|Any CPU
		{2D24135A-D692-46DA-A2D4-9CC0EE850A92}.Debug|Any CPU.Build.0 = Debug|Any CPU
		{2D24135A-D692-46DA-A2D4-9CC0EE850A92}.Release|Any CPU.ActiveCfg = Release|Any CPU
		{2D24135A-D692-46DA-A2D4-9CC0EE850A92}.Release|Any CPU.Build.0 = Release|Any CPU
		{D0EF841D-9846-4C0E-A8EC-4F754857ABA6}.Debug|Any CPU.ActiveCfg = Debug|Any CPU
		{D0EF841D-9846-4C0E-A8EC-4F754857ABA6}.Debug|Any CPU.Build.0 = Debug|Any CPU
		{D0EF841D-9846-4C0E-A8EC-4F754857ABA6}.Release|Any CPU.ActiveCfg = Release|Any CPU
		{D0EF841D-9846-4C0E-A8EC-4F754857ABA6}.Release|Any CPU.Build.0 = Release|Any CPU
		{C7E4DAF2-E1FD-4B32-BB1A-B714582F93D2}.Debug|Any CPU.ActiveCfg = Debug|Any CPU
		{C7E4DAF2-E1FD-4B32-BB1A-B714582F93D2}.Debug|Any CPU.Build.0 = Debug|Any CPU
		{C7E4DAF2-E1FD-4B32-BB1A-B714582F93D2}.Release|Any CPU.ActiveCfg = Release|Any CPU
		{C7E4DAF2-E1FD-4B32-BB1A-B714582F93D2}.Release|Any CPU.Build.0 = Release|Any CPU
		{5B58A4D1-9AE6-4B31-9513-6A5D3D3AA72B}.Debug|Any CPU.ActiveCfg = Debug|Any CPU
		{5B58A4D1-9AE6-4B31-9513-6A5D3D3AA72B}.Debug|Any CPU.Build.0 = Debug|Any CPU
		{5B58A4D1-9AE6-4B31-9513-6A5D3D3AA72B}.Release|Any CPU.ActiveCfg = Release|Any CPU
		{5B58A4D1-9AE6-4B31-9513-6A5D3D3AA72B}.Release|Any CPU.Build.0 = Release|Any CPU
		{CBDA4A24-A853-44F0-82F3-36D16A19EBA6}.Debug|Any CPU.ActiveCfg = Debug|Any CPU
		{CBDA4A24-A853-44F0-82F3-36D16A19EBA6}.Debug|Any CPU.Build.0 = Debug|Any CPU
		{CBDA4A24-A853-44F0-82F3-36D16A19EBA6}.Release|Any CPU.ActiveCfg = Release|Any CPU
		{CBDA4A24-A853-44F0-82F3-36D16A19EBA6}.Release|Any CPU.Build.0 = Release|Any CPU
		{537C7AA2-5AD4-4CA2-8BCF-681F927AEA10}.Debug|Any CPU.ActiveCfg = Debug|Any CPU
		{537C7AA2-5AD4-4CA2-8BCF-681F927AEA10}.Debug|Any CPU.Build.0 = Debug|Any CPU
		{537C7AA2-5AD4-4CA2-8BCF-681F927AEA10}.Release|Any CPU.ActiveCfg = Release|Any CPU
		{537C7AA2-5AD4-4CA2-8BCF-681F927AEA10}.Release|Any CPU.Build.0 = Release|Any CPU
		{A417E329-B8AA-4F86-A5E5-D0402AFB6D19}.Debug|Any CPU.ActiveCfg = Debug|Any CPU
		{A417E329-B8AA-4F86-A5E5-D0402AFB6D19}.Debug|Any CPU.Build.0 = Debug|Any CPU
		{A417E329-B8AA-4F86-A5E5-D0402AFB6D19}.Release|Any CPU.ActiveCfg = Release|Any CPU
		{A417E329-B8AA-4F86-A5E5-D0402AFB6D19}.Release|Any CPU.Build.0 = Release|Any CPU
		{B06C1F72-5BD9-4F85-805C-8BD25980DAC4}.Debug|Any CPU.ActiveCfg = Debug|Any CPU
		{B06C1F72-5BD9-4F85-805C-8BD25980DAC4}.Debug|Any CPU.Build.0 = Debug|Any CPU
		{B06C1F72-5BD9-4F85-805C-8BD25980DAC4}.Release|Any CPU.ActiveCfg = Release|Any CPU
		{B06C1F72-5BD9-4F85-805C-8BD25980DAC4}.Release|Any CPU.Build.0 = Release|Any CPU
		{9720B464-BA17-49E8-8021-C4FAB3994E7B}.Debug|Any CPU.ActiveCfg = Debug|Any CPU
		{9720B464-BA17-49E8-8021-C4FAB3994E7B}.Debug|Any CPU.Build.0 = Debug|Any CPU
		{9720B464-BA17-49E8-8021-C4FAB3994E7B}.Release|Any CPU.ActiveCfg = Release|Any CPU
		{9720B464-BA17-49E8-8021-C4FAB3994E7B}.Release|Any CPU.Build.0 = Release|Any CPU
		{7D74FF4E-F668-4DA1-9388-AFDB42F0304B}.Debug|Any CPU.ActiveCfg = Debug|Any CPU
		{7D74FF4E-F668-4DA1-9388-AFDB42F0304B}.Debug|Any CPU.Build.0 = Debug|Any CPU
		{7D74FF4E-F668-4DA1-9388-AFDB42F0304B}.Release|Any CPU.ActiveCfg = Release|Any CPU
		{7D74FF4E-F668-4DA1-9388-AFDB42F0304B}.Release|Any CPU.Build.0 = Release|Any CPU
		{CFE512EB-3E56-400C-A3A2-4354F746A8B9}.Debug|Any CPU.ActiveCfg = Debug|Any CPU
		{CFE512EB-3E56-400C-A3A2-4354F746A8B9}.Debug|Any CPU.Build.0 = Debug|Any CPU
		{CFE512EB-3E56-400C-A3A2-4354F746A8B9}.Release|Any CPU.ActiveCfg = Release|Any CPU
		{CFE512EB-3E56-400C-A3A2-4354F746A8B9}.Release|Any CPU.Build.0 = Release|Any CPU
	EndGlobalSection
	GlobalSection(SolutionProperties) = preSolution
		HideSolutionNode = FALSE
	EndGlobalSection
	GlobalSection(ExtensibilityGlobals) = postSolution
		SolutionGuid = {415AC48B-CE4C-4CB9-AEFF-279D5146DBB7}
	EndGlobalSection
	GlobalSection(NestedProjects) = preSolution
		{4E347B48-1379-4A9F-8BC6-7844FF72ED9B} = {DE327CB4-D2EF-4983-8F05-77883FCAF1B0}
		{5B58A4D1-9AE6-4B31-9513-6A5D3D3AA72B} = {DE327CB4-D2EF-4983-8F05-77883FCAF1B0}
		{CBDA4A24-A853-44F0-82F3-36D16A19EBA6} = {DE327CB4-D2EF-4983-8F05-77883FCAF1B0}
		{508153FE-E328-4F35-9E2D-C0520AB12FE0} = {DE327CB4-D2EF-4983-8F05-77883FCAF1B0}
		{A3D14CE9-52E4-4CCE-ADAA-9E24E0D40C43} = {DE327CB4-D2EF-4983-8F05-77883FCAF1B0}
		{E3702833-2A87-4CEF-A479-BE67B7C7D417} = {DE327CB4-D2EF-4983-8F05-77883FCAF1B0}
		{2D24135A-D692-46DA-A2D4-9CC0EE850A92} = {DE327CB4-D2EF-4983-8F05-77883FCAF1B0}
		{1427A750-98D5-4BD4-B593-754B431D6F81} = {0E29A730-DE81-47F1-A734-CA7FC815E343}
		{0E81FFA4-87A7-4569-A923-C6A3409CDF6E} = {1427A750-98D5-4BD4-B593-754B431D6F81}
		{BC320C83-93AE-4BC6-BF8E-FFA52CAEF780} = {1427A750-98D5-4BD4-B593-754B431D6F81}
		{65578E2E-5BF4-4CDF-9768-19971B3FEF76} = {0E29A730-DE81-47F1-A734-CA7FC815E343}
		{CA7C0603-EA56-45A0-A37E-52DE4758C966} = {65578E2E-5BF4-4CDF-9768-19971B3FEF76}
		{D0EF841D-9846-4C0E-A8EC-4F754857ABA6} = {65578E2E-5BF4-4CDF-9768-19971B3FEF76}
		{948DB1BA-2DDB-465E-885C-90E8572DCF1E} = {0E29A730-DE81-47F1-A734-CA7FC815E343}
		{EFE2B98B-EA22-44FE-9A31-AAB0886D141E} = {948DB1BA-2DDB-465E-885C-90E8572DCF1E}
		{C7E4DAF2-E1FD-4B32-BB1A-B714582F93D2} = {1427A750-98D5-4BD4-B593-754B431D6F81}
		{A5BEDDC2-4665-4B8B-A657-589FAD674DE5} = {0E29A730-DE81-47F1-A734-CA7FC815E343}
		{6948A112-6EF7-49C7-AA89-9E2362C5185A} = {A5BEDDC2-4665-4B8B-A657-589FAD674DE5}
		{BB317964-CD5F-4E2B-982B-D9DD1FC7DC2B} = {0E29A730-DE81-47F1-A734-CA7FC815E343}
		{A1B2AAAF-D3B1-4E51-92B4-46E5C04AC8FC} = {BB317964-CD5F-4E2B-982B-D9DD1FC7DC2B}
		{0D0559BC-FF4E-48A2-B109-940AC0BE1B2C} = {BB317964-CD5F-4E2B-982B-D9DD1FC7DC2B}
		{A012F353-8887-4640-8B25-782BE90BF829} = {BB317964-CD5F-4E2B-982B-D9DD1FC7DC2B}
		{B5A9AE0E-BC2E-4B7E-A358-E85402013471} = {BB317964-CD5F-4E2B-982B-D9DD1FC7DC2B}
		{537C7AA2-5AD4-4CA2-8BCF-681F927AEA10} = {BB317964-CD5F-4E2B-982B-D9DD1FC7DC2B}
		{A417E329-B8AA-4F86-A5E5-D0402AFB6D19} = {DE327CB4-D2EF-4983-8F05-77883FCAF1B0}
		{B06C1F72-5BD9-4F85-805C-8BD25980DAC4} = {948DB1BA-2DDB-465E-885C-90E8572DCF1E}
		{9720B464-BA17-49E8-8021-C4FAB3994E7B} = {DE327CB4-D2EF-4983-8F05-77883FCAF1B0}
		{7D74FF4E-F668-4DA1-9388-AFDB42F0304B} = {DE327CB4-D2EF-4983-8F05-77883FCAF1B0}
		{CFE512EB-3E56-400C-A3A2-4354F746A8B9} = {DE327CB4-D2EF-4983-8F05-77883FCAF1B0}
	EndGlobalSection
EndGlobal
