
Microsoft Visual Studio Solution File, Format Version 12.00
# Visual Studio Version 17
VisualStudioVersion = 17.11.35327.3
MinimumVisualStudioVersion = 10.0.40219.1
Project("{9A19103F-16F7-4668-BE54-9A1E7A4F7556}") = "Agenix.Core", "Agenix.Core\Agenix.Core.csproj", "{BC320C83-93AE-4BC6-BF8E-FFA52CAEF780}"
EndProject
Project("{9A19103F-16F7-4668-BE54-9A1E7A4F7556}") = "Agenix.Core.NUnitTestProject", "Agenix.Core.NUnitTestProject\Agenix.Core.NUnitTestProject.csproj", "{4E347B48-1379-4A9F-8BC6-7844FF72ED9B}"
EndProject
Project("{FAE04EC0-301F-11D3-BF4B-00C04F79EFBC}") = "Agenix.NUnit.Runtime", "Agenix.NUnit.Runtime\Agenix.NUnit.Runtime.csproj", "{CA7C0603-EA56-45A0-A37E-52DE4758C966}"
EndProject
Project("{FAE04EC0-301F-11D3-BF4B-00C04F79EFBC}") = "Agenix.Sql", "Agenix.Sql\Agenix.Sql.csproj", "{6948A112-6EF7-49C7-AA89-9E2362C5185A}"
EndProject
Global
	GlobalSection(SolutionConfigurationPlatforms) = preSolution
		Debug|Any CPU = Debug|Any CPU
		Release|Any CPU = Release|Any CPU
	EndGlobalSection
	GlobalSection(ProjectConfigurationPlatforms) = postSolution
		{BC320C83-93AE-4BC6-BF8E-FFA52CAEF780}.Debug|Any CPU.ActiveCfg = Debug|Any CPU
		{BC320C83-93AE-4BC6-BF8E-FFA52CAEF780}.Debug|Any CPU.Build.0 = Debug|Any CPU
		{BC320C83-93AE-4BC6-BF8E-FFA52CAEF780}.Release|Any CPU.ActiveCfg = Release|Any CPU
		{BC320C83-93AE-4BC6-BF8E-FFA52CAEF780}.Release|Any CPU.Build.0 = Release|Any CPU
		{4E347B48-1379-4A9F-8BC6-7844FF72ED9B}.Debug|Any CPU.ActiveCfg = Debug|Any CPU
		{4E347B48-1379-4A9F-8BC6-7844FF72ED9B}.Debug|Any CPU.Build.0 = Debug|Any CPU
		{4E347B48-1379-4A9F-8BC6-7844FF72ED9B}.Release|Any CPU.ActiveCfg = Release|Any CPU
		{4E347B48-1379-4A9F-8BC6-7844FF72ED9B}.Release|Any CPU.Build.0 = Release|Any CPU
		{CA7C0603-EA56-45A0-A37E-52DE4758C966}.Debug|Any CPU.ActiveCfg = Debug|Any CPU
		{CA7C0603-EA56-45A0-A37E-52DE4758C966}.Debug|Any CPU.Build.0 = Debug|Any CPU
		{CA7C0603-EA56-45A0-A37E-52DE4758C966}.Release|Any CPU.ActiveCfg = Release|Any CPU
		{CA7C0603-EA56-45A0-A37E-52DE4758C966}.Release|Any CPU.Build.0 = Release|Any CPU
		{6948A112-6EF7-49C7-AA89-9E2362C5185A}.Debug|Any CPU.ActiveCfg = Debug|Any CPU
		{6948A112-6EF7-49C7-AA89-9E2362C5185A}.Debug|Any CPU.Build.0 = Debug|Any CPU
		{6948A112-6EF7-49C7-AA89-9E2362C5185A}.Release|Any CPU.ActiveCfg = Release|Any CPU
		{6948A112-6EF7-49C7-AA89-9E2362C5185A}.Release|Any CPU.Build.0 = Release|Any CPU
	EndGlobalSection
	GlobalSection(SolutionProperties) = preSolution
		HideSolutionNode = FALSE
	EndGlobalSection
	GlobalSection(ExtensibilityGlobals) = postSolution
		SolutionGuid = {415AC48B-CE4C-4CB9-AEFF-279D5146DBB7}
	EndGlobalSection
EndGlobal
